
Microsoft Visual Studio Solution File, Format Version 12.00
# Visual Studio 2012
Project("{8BC9CEB8-8B4A-11D0-8D11-00A0C91BC942}") = "GacSDI", "GacSDI\GacSDI.vcxproj", "{B45D4A37-D94C-4CBC-BEAB-D261FE2F647C}"
EndProject
Project("{8BC9CEB8-8B4A-11D0-8D11-00A0C91BC942}") = "GacNotepad", "GacNotepad\GacNotepad.vcxproj", "{ED121758-9707-4898-9D6B-73B78E18C02E}"
	ProjectSection(ProjectDependencies) = postProject
		{B45D4A37-D94C-4CBC-BEAB-D261FE2F647C} = {B45D4A37-D94C-4CBC-BEAB-D261FE2F647C}
	EndProjectSection
EndProject
Project("{8BC9CEB8-8B4A-11D0-8D11-00A0C91BC942}") = "GacDocument", "GacDocument\GacDocument.vcxproj", "{6FA1DDE6-28F2-45A7-83B7-3873234A8EDF}"
EndProject
Project("{8BC9CEB8-8B4A-11D0-8D11-00A0C91BC942}") = "GacUI", "GacUI\GacUI.vcxproj", "{86721540-850B-47C1-BAA5-5810E70CA6EC}"
EndProject
Project("{8BC9CEB8-8B4A-11D0-8D11-00A0C91BC942}") = "GacCodeEditorPackage", "GacCodeEditorPackage\GacCodeEditorPackage.vcxproj", "{98AA6C38-DA75-413E-8D75-7602646900EC}"
EndProject
Project("{2150E333-8FDC-42A3-9474-1A3956D46DE8}") = "Applications", "Applications", "{8BA09BE0-9C5D-446D-947E-72B5B279FF9A}"
EndProject
Project("{2150E333-8FDC-42A3-9474-1A3956D46DE8}") = "Packages", "Packages", "{03DF211A-CE58-4736-B233-8F5E56FAC6D4}"
EndProject
Project("{2150E333-8FDC-42A3-9474-1A3956D46DE8}") = "Libraries", "Libraries", "{BEB59BA5-545C-41F1-AA05-02E089AF9CD0}"
EndProject
Global
	GlobalSection(TeamFoundationVersionControl) = preSolution
		SccNumberOfProjects = 6
		SccEnterpriseProvider = {4CA58AB2-18FA-4F8D-95D4-32DDF27D184C}
		SccTeamFoundationServer = https://tfs.codeplex.com/tfs/tfs02
		SccLocalPath0 = .
		SccProjectUniqueName1 = GacSDI\\GacSDI.vcxproj
		SccProjectTopLevelParentUniqueName1 = GacUITools.sln
		SccProjectName1 = GacSDI
		SccLocalPath1 = GacSDI
		SccProjectUniqueName2 = GacNotepad\\GacNotepad.vcxproj
		SccProjectTopLevelParentUniqueName2 = GacUITools.sln
		SccProjectName2 = GacNotepad
		SccLocalPath2 = GacNotepad
		SccProjectUniqueName3 = GacDocument\\GacDocument.vcxproj
		SccProjectTopLevelParentUniqueName3 = GacUITools.sln
		SccProjectName3 = GacDocument
		SccLocalPath3 = GacDocument
		SccProjectUniqueName4 = GacUI\\GacUI.vcxproj
		SccProjectTopLevelParentUniqueName4 = GacUITools.sln
		SccProjectName4 = GacUI
		SccLocalPath4 = GacUI
		SccProjectUniqueName5 = GacCodeEditorPackage\\GacCodeEditorPackage.vcxproj
		SccProjectTopLevelParentUniqueName5 = GacUITools.sln
		SccProjectName5 = GacCodeEditorPackage
		SccLocalPath5 = GacCodeEditorPackage
	EndGlobalSection
	GlobalSection(SolutionConfigurationPlatforms) = preSolution
		Debug|Win32 = Debug|Win32
		Release|Win32 = Release|Win32
	EndGlobalSection
	GlobalSection(ProjectConfigurationPlatforms) = postSolution
		{B45D4A37-D94C-4CBC-BEAB-D261FE2F647C}.Debug|Win32.ActiveCfg = Debug|Win32
		{B45D4A37-D94C-4CBC-BEAB-D261FE2F647C}.Debug|Win32.Build.0 = Debug|Win32
		{B45D4A37-D94C-4CBC-BEAB-D261FE2F647C}.Release|Win32.ActiveCfg = Release|Win32
		{B45D4A37-D94C-4CBC-BEAB-D261FE2F647C}.Release|Win32.Build.0 = Release|Win32
		{ED121758-9707-4898-9D6B-73B78E18C02E}.Debug|Win32.ActiveCfg = Debug|Win32
		{ED121758-9707-4898-9D6B-73B78E18C02E}.Debug|Win32.Build.0 = Debug|Win32
		{ED121758-9707-4898-9D6B-73B78E18C02E}.Release|Win32.ActiveCfg = Release|Win32
		{ED121758-9707-4898-9D6B-73B78E18C02E}.Release|Win32.Build.0 = Release|Win32
		{6FA1DDE6-28F2-45A7-83B7-3873234A8EDF}.Debug|Win32.ActiveCfg = Debug|Win32
		{6FA1DDE6-28F2-45A7-83B7-3873234A8EDF}.Debug|Win32.Build.0 = Debug|Win32
		{6FA1DDE6-28F2-45A7-83B7-3873234A8EDF}.Release|Win32.ActiveCfg = Release|Win32
		{6FA1DDE6-28F2-45A7-83B7-3873234A8EDF}.Release|Win32.Build.0 = Release|Win32
		{86721540-850B-47C1-BAA5-5810E70CA6EC}.Debug|Win32.ActiveCfg = Debug|Win32
		{86721540-850B-47C1-BAA5-5810E70CA6EC}.Debug|Win32.Build.0 = Debug|Win32
		{86721540-850B-47C1-BAA5-5810E70CA6EC}.Release|Win32.ActiveCfg = Release|Win32
		{86721540-850B-47C1-BAA5-5810E70CA6EC}.Release|Win32.Build.0 = Release|Win32
		{98AA6C38-DA75-413E-8D75-7602646900EC}.Debug|Win32.ActiveCfg = Debug|Win32
		{98AA6C38-DA75-413E-8D75-7602646900EC}.Debug|Win32.Build.0 = Debug|Win32
		{98AA6C38-DA75-413E-8D75-7602646900EC}.Release|Win32.ActiveCfg = Release|Win32
		{98AA6C38-DA75-413E-8D75-7602646900EC}.Release|Win32.Build.0 = Release|Win32
	EndGlobalSection
	GlobalSection(SolutionProperties) = preSolution
		HideSolutionNode = FALSE
	EndGlobalSection
	GlobalSection(NestedProjects) = preSolution
		{ED121758-9707-4898-9D6B-73B78E18C02E} = {8BA09BE0-9C5D-446D-947E-72B5B279FF9A}
		{98AA6C38-DA75-413E-8D75-7602646900EC} = {03DF211A-CE58-4736-B233-8F5E56FAC6D4}
		{6FA1DDE6-28F2-45A7-83B7-3873234A8EDF} = {BEB59BA5-545C-41F1-AA05-02E089AF9CD0}
		{B45D4A37-D94C-4CBC-BEAB-D261FE2F647C} = {BEB59BA5-545C-41F1-AA05-02E089AF9CD0}
		{86721540-850B-47C1-BAA5-5810E70CA6EC} = {BEB59BA5-545C-41F1-AA05-02E089AF9CD0}
	EndGlobalSection
EndGlobal
