
Microsoft Visual Studio Solution File, Format Version 11.00
# Visual Studio 2010
Project("{8BC9CEB8-8B4A-11D0-8D11-00A0C91BC942}") = "HelloWorld", "HelloWorld\HelloWorld.vcxproj", "{1201A21A-E577-4AFA-AA48-5847A0771194}"
EndProject
Project("{2150E333-8FDC-42A3-9474-1A3956D46DE8}") = "Controls", "Controls", "{4A1755E9-DB6D-4CD2-83FB-D8F2A18E0268}"
EndProject
Project("{2150E333-8FDC-42A3-9474-1A3956D46DE8}") = "Elements", "Elements", "{E3059090-E87A-41E2-B657-C3589AE8EEBF}"
EndProject
Project("{2150E333-8FDC-42A3-9474-1A3956D46DE8}") = "Layouts", "Layouts", "{C017C3EE-52C1-42E8-99FE-8FD2A8C98C1C}"
EndProject
Project("{2150E333-8FDC-42A3-9474-1A3956D46DE8}") = "Misc", "Misc", "{DE1AA97C-71E5-46E9-943F-BD852DDF5005}"
EndProject
Project("{8BC9CEB8-8B4A-11D0-8D11-00A0C91BC942}") = "Controls.Label.Hyperlink", "Controls.Label.Hyperlink\Controls.Label.Hyperlink.vcxproj", "{E1BA59EE-79FF-4484-BDC7-DE42DDA1E975}"
EndProject
Project("{8BC9CEB8-8B4A-11D0-8D11-00A0C91BC942}") = "Controls.Button.EnableDisable", "Controls.Button.EnableDisable\Controls.Button.EnableDisable.vcxproj", "{7573940E-5A1D-48A4-AAA1-BEF264D9B0C4}"
EndProject
Global
	GlobalSection(TeamFoundationVersionControl) = preSolution
		SccNumberOfProjects = 4
		SccEnterpriseProvider = {4CA58AB2-18FA-4F8D-95D4-32DDF27D184C}
		SccTeamFoundationServer = https://tfs.codeplex.com/tfs/tfs02
		SccLocalPath0 = .
		SccProjectUniqueName1 = HelloWorld\\HelloWorld.vcxproj
		SccProjectName1 = HelloWorld
		SccLocalPath1 = HelloWorld
		SccProjectUniqueName2 = Controls.Label.Hyperlink\\Controls.Label.Hyperlink.vcxproj
		SccProjectTopLevelParentUniqueName2 = GacUIDemo.sln
		SccProjectName2 = Controls.Label.Hyperlink
		SccLocalPath2 = Controls.Label.Hyperlink
		SccProjectUniqueName3 = Controls.Button.EnableDisable\\Controls.Button.EnableDisable.vcxproj
		SccProjectTopLevelParentUniqueName3 = GacUIDemo.sln
		SccProjectName3 = Controls.Button.EnableDisable
		SccLocalPath3 = Controls.Button.EnableDisable
	EndGlobalSection
	GlobalSection(SolutionConfigurationPlatforms) = preSolution
		Debug|Win32 = Debug|Win32
		Release|Win32 = Release|Win32
	EndGlobalSection
	GlobalSection(ProjectConfigurationPlatforms) = postSolution
		{1201A21A-E577-4AFA-AA48-5847A0771194}.Debug|Win32.ActiveCfg = Debug|Win32
		{1201A21A-E577-4AFA-AA48-5847A0771194}.Debug|Win32.Build.0 = Debug|Win32
		{1201A21A-E577-4AFA-AA48-5847A0771194}.Release|Win32.ActiveCfg = Release|Win32
		{1201A21A-E577-4AFA-AA48-5847A0771194}.Release|Win32.Build.0 = Release|Win32
		{E1BA59EE-79FF-4484-BDC7-DE42DDA1E975}.Debug|Win32.ActiveCfg = Debug|Win32
		{E1BA59EE-79FF-4484-BDC7-DE42DDA1E975}.Debug|Win32.Build.0 = Debug|Win32
		{E1BA59EE-79FF-4484-BDC7-DE42DDA1E975}.Release|Win32.ActiveCfg = Release|Win32
		{E1BA59EE-79FF-4484-BDC7-DE42DDA1E975}.Release|Win32.Build.0 = Release|Win32
		{7573940E-5A1D-48A4-AAA1-BEF264D9B0C4}.Debug|Win32.ActiveCfg = Debug|Win32
		{7573940E-5A1D-48A4-AAA1-BEF264D9B0C4}.Debug|Win32.Build.0 = Debug|Win32
		{7573940E-5A1D-48A4-AAA1-BEF264D9B0C4}.Release|Win32.ActiveCfg = Release|Win32
		{7573940E-5A1D-48A4-AAA1-BEF264D9B0C4}.Release|Win32.Build.0 = Release|Win32
	EndGlobalSection
	GlobalSection(SolutionProperties) = preSolution
		HideSolutionNode = FALSE
	EndGlobalSection
	GlobalSection(NestedProjects) = preSolution
		{E1BA59EE-79FF-4484-BDC7-DE42DDA1E975} = {4A1755E9-DB6D-4CD2-83FB-D8F2A18E0268}
		{7573940E-5A1D-48A4-AAA1-BEF264D9B0C4} = {4A1755E9-DB6D-4CD2-83FB-D8F2A18E0268}
	EndGlobalSection
EndGlobal
