<?xml version="1.0" encoding="utf-8"?>
<Project ToolsVersion="4.0" xmlns="http://schemas.microsoft.com/developer/msbuild/2003">
  <ItemGroup>
    <Filter Include="API">
      <UniqueIdentifier>{e30a08b2-dee4-402f-ab99-abcf43c50380}</UniqueIdentifier>
    </Filter>
    <Filter Include="API\Implementation">
      <UniqueIdentifier>{e8c5bbee-5fe5-4fe9-80e9-04e4285ea37f}</UniqueIdentifier>
    </Filter>
    <Filter Include="PackageResources">
      <UniqueIdentifier>{63ddffac-3efb-4639-b21f-b7e3d748912f}</UniqueIdentifier>
    </Filter>
    <Filter Include="PackageResources\Images">
      <UniqueIdentifier>{70c404cb-6247-49dd-a6d2-a56c4207e409}</UniqueIdentifier>
    </Filter>
    <Filter Include="PackageResources\Packages">
      <UniqueIdentifier>{89178897-f45a-4c9f-bf07-b4f04e84c353}</UniqueIdentifier>
    </Filter>
    <Filter Include="PackageResources\Applications">
      <UniqueIdentifier>{d9a7aefd-d531-43cf-a17c-a051d2f592ab}</UniqueIdentifier>
    </Filter>
  </ItemGroup>
  <ItemGroup>
    <ClCompile Include="..\Source\Implementation\DocumentContainer.cpp">
      <Filter>API\Implementation</Filter>
    </ClCompile>
    <ClCompile Include="..\Source\Implementation\DocumentEditor.cpp">
      <Filter>API\Implementation</Filter>
    </ClCompile>
    <ClCompile Include="..\Source\Implementation\DocumentEditorFactory.cpp">
      <Filter>API\Implementation</Filter>
    </ClCompile>
    <ClCompile Include="..\Source\Implementation\DocumentFileType.cpp">
      <Filter>API\Implementation</Filter>
    </ClCompile>
    <ClCompile Include="..\Source\Implementation\DocumentFragment.cpp">
      <Filter>API\Implementation</Filter>
    </ClCompile>
    <ClCompile Include="..\Source\Implementation\DocumentManager.cpp">
      <Filter>API\Implementation</Filter>
    </ClCompile>
    <ClCompile Include="..\Source\Implementation\DocumentView.cpp">
      <Filter>API\Implementation</Filter>
    </ClCompile>
    <ClCompile Include="..\Source\DocumentFramework.cpp">
      <Filter>API</Filter>
    </ClCompile>
    <ClCompile Include="..\Source\ResourceManager.cpp">
      <Filter>API</Filter>
    </ClCompile>
    <ClCompile Include="..\Source\PackageManager.cpp">
      <Filter>API</Filter>
    </ClCompile>
  </ItemGroup>
  <ItemGroup>
    <ClInclude Include="..\Source\Implementation\DocumentContainer.h">
      <Filter>API\Implementation</Filter>
    </ClInclude>
    <ClInclude Include="..\Source\Implementation\DocumentEditor.h">
      <Filter>API\Implementation</Filter>
    </ClInclude>
    <ClInclude Include="..\Source\Implementation\DocumentEditorFactory.h">
      <Filter>API\Implementation</Filter>
    </ClInclude>
    <ClInclude Include="..\Source\Implementation\DocumentFileType.h">
      <Filter>API\Implementation</Filter>
    </ClInclude>
    <ClInclude Include="..\Source\Implementation\DocumentFragment.h">
      <Filter>API\Implementation</Filter>
    </ClInclude>
    <ClInclude Include="..\Source\Implementation\DocumentManager.h">
      <Filter>API\Implementation</Filter>
    </ClInclude>
    <ClInclude Include="..\Source\Implementation\DocumentView.h">
      <Filter>API\Implementation</Filter>
    </ClInclude>
    <ClInclude Include="..\Source\DocumentFramework.h">
      <Filter>API</Filter>
    </ClInclude>
    <ClInclude Include="..\Source\ResourceManager.h">
      <Filter>API</Filter>
    </ClInclude>
    <ClInclude Include="..\Source\PackageManager.h">
      <Filter>API</Filter>
    </ClInclude>
  </ItemGroup>
  <ItemGroup>
    <Image Include="..\Source\PackageResources\Images\_Copy.png">
      <Filter>PackageResources\Images</Filter>
    </Image>
    <Image Include="..\Source\PackageResources\Images\_Cut.png">
      <Filter>PackageResources\Images</Filter>
    </Image>
    <Image Include="..\Source\PackageResources\Images\_Delete.png">
      <Filter>PackageResources\Images</Filter>
    </Image>
    <Image Include="..\Source\PackageResources\Images\_New.png">
      <Filter>PackageResources\Images</Filter>
    </Image>
    <Image Include="..\Source\PackageResources\Images\_Open.png">
      <Filter>PackageResources\Images</Filter>
    </Image>
    <Image Include="..\Source\PackageResources\Images\_Paste.png">
      <Filter>PackageResources\Images</Filter>
    </Image>
    <Image Include="..\Source\PackageResources\Images\_Print.png">
      <Filter>PackageResources\Images</Filter>
    </Image>
    <Image Include="..\Source\PackageResources\Images\_Redo.png">
      <Filter>PackageResources\Images</Filter>
    </Image>
    <Image Include="..\Source\PackageResources\Images\_Save.png">
      <Filter>PackageResources\Images</Filter>
    </Image>
    <Image Include="..\Source\PackageResources\Images\_SaveAs.png">
      <Filter>PackageResources\Images</Filter>
    </Image>
    <Image Include="..\Source\PackageResources\Images\_Undo.png">
      <Filter>PackageResources\Images</Filter>
    </Image>
    <Image Include="..\Source\PackageResources\Images\_JsonDocument.png">
      <Filter>PackageResources\Images</Filter>
    </Image>
    <Image Include="..\Source\PackageResources\Images\_TextDocument.png">
      <Filter>PackageResources\Images</Filter>
    </Image>
    <Image Include="..\Source\PackageResources\Images\_XmlDocument.png">
      <Filter>PackageResources\Images</Filter>
    </Image>
  </ItemGroup>
  <ItemGroup>
    <Xml Include="..\Source\PackageResources\Images\Folder.xml">
      <Filter>PackageResources\Images</Filter>
    </Xml>
    <Xml Include="..\Source\PackageResources\Packages\SDIPackage.xml">
      <Filter>PackageResources\Packages</Filter>
    </Xml>
    <Xml Include="..\Source\PackageResources\Packages\EditPackage.xml">
      <Filter>PackageResources\Packages</Filter>
    </Xml>
    <Xml Include="..\Source\PackageResources\Applications\GacNotepad.xml">
      <Filter>PackageResources\Applications</Filter>
    </Xml>
    <Xml Include="..\Source\PackageResources\Packages\TextEditorPackage.xml">
      <Filter>PackageResources\Packages</Filter>
    </Xml>
  </ItemGroup>
</Project>