
Microsoft Visual Studio Solution File, Format Version 12.00
# Visual Studio 2012
Project("{FAE04EC0-301F-11D3-BF4B-00C04F79EFBC}") = "SimpleHttpServer", "SimpleHttpServer\SimpleHttpServer.csproj", "{90FDD5BD-20BA-4734-A96A-E2762D9C4F66}"
EndProject
Project("{FAE04EC0-301F-11D3-BF4B-00C04F79EFBC}") = "HelloWorldTestServer", "HelloWorldTestServer\HelloWorldTestServer.csproj", "{595ABFE0-A837-4AFF-9F2C-2C63B48DEB00}"
EndProject
Global
	GlobalSection(TeamFoundationVersionControl) = preSolution
		SccNumberOfProjects = 3
		SccEnterpriseProvider = {4CA58AB2-18FA-4F8D-95D4-32DDF27D184C}
		SccTeamFoundationServer = https://tfs.codeplex.com/tfs/tfs02
		SccLocalPath0 = .
		SccProjectUniqueName1 = SimpleHttpServer\\SimpleHttpServer.csproj
		SccProjectName1 = SimpleHttpServer
		SccLocalPath1 = SimpleHttpServer
		SccProjectUniqueName2 = HelloWorldTestServer\\HelloWorldTestServer.csproj
		SccProjectName2 = HelloWorldTestServer
		SccLocalPath2 = HelloWorldTestServer
	EndGlobalSection
	GlobalSection(SolutionConfigurationPlatforms) = preSolution
		Debug|Any CPU = Debug|Any CPU
		Release|Any CPU = Release|Any CPU
	EndGlobalSection
	GlobalSection(ProjectConfigurationPlatforms) = postSolution
		{90FDD5BD-20BA-4734-A96A-E2762D9C4F66}.Debug|Any CPU.ActiveCfg = Debug|Any CPU
		{90FDD5BD-20BA-4734-A96A-E2762D9C4F66}.Debug|Any CPU.Build.0 = Debug|Any CPU
		{90FDD5BD-20BA-4734-A96A-E2762D9C4F66}.Release|Any CPU.ActiveCfg = Release|Any CPU
		{90FDD5BD-20BA-4734-A96A-E2762D9C4F66}.Release|Any CPU.Build.0 = Release|Any CPU
		{595ABFE0-A837-4AFF-9F2C-2C63B48DEB00}.Debug|Any CPU.ActiveCfg = Debug|Any CPU
		{595ABFE0-A837-4AFF-9F2C-2C63B48DEB00}.Debug|Any CPU.Build.0 = Debug|Any CPU
		{595ABFE0-A837-4AFF-9F2C-2C63B48DEB00}.Release|Any CPU.ActiveCfg = Release|Any CPU
		{595ABFE0-A837-4AFF-9F2C-2C63B48DEB00}.Release|Any CPU.Build.0 = Release|Any CPU
	EndGlobalSection
	GlobalSection(SolutionProperties) = preSolution
		HideSolutionNode = FALSE
	EndGlobalSection
EndGlobal
