
Microsoft Visual Studio Solution File, Format Version 11.00
# Visual Studio 2010
Project("{8BC9CEB8-8B4A-11D0-8D11-00A0C91BC942}") = "GacUISrc", "GacUISrc\GacUISrc.vcxproj", "{85807517-320F-43CD-BD53-93CED2EAED9E}"
EndProject
Project("{2150E333-8FDC-42A3-9474-1A3956D46DE8}") = "Public", "Public", "{843780E4-7D2F-4955-B988-88325DFB6B9E}"
	ProjectSection(SolutionItems) = preProject
		..\Public\CodegenConfig.xml = ..\Public\CodegenConfig.xml
		..\Public\Release.bat = ..\Public\Release.bat
		..\Public\SuperUnicode.txt = ..\Public\SuperUnicode.txt
	EndProjectSection
EndProject
Project("{2150E333-8FDC-42A3-9474-1A3956D46DE8}") = "Source", "Source", "{695AA472-C40E-41C8-BDF9-9866F36C9AE3}"
	ProjectSection(SolutionItems) = preProject
		..\Public\Source\GacUI.cpp = ..\Public\Source\GacUI.cpp
		..\Public\Source\GacUI.h = ..\Public\Source\GacUI.h
		..\Public\Source\GacUIIncludes.h = ..\Public\Source\GacUIIncludes.h
		..\Public\Source\Vlpp.cpp = ..\Public\Source\Vlpp.cpp
		..\Public\Source\Vlpp.h = ..\Public\Source\Vlpp.h
	EndProjectSection
EndProject
Project("{8BC9CEB8-8B4A-11D0-8D11-00A0C91BC942}") = "GacUISrcCodepackedTest", "GacUISrcCodepackedTest\GacUISrcCodepackedTest.vcxproj", "{EB5A22FF-03D9-45A9-BF76-8083D46A643B}"
EndProject
Project("{2150E333-8FDC-42A3-9474-1A3956D46DE8}") = "DocumentRawItems", "DocumentRawItems", "{80361AFE-C424-451B-BBDD-637AD16274C0}"
	ProjectSection(SolutionItems) = preProject
		..\Public\DocumentRawItems\reference_gacui.docitem.txt = ..\Public\DocumentRawItems\reference_gacui.docitem.txt
	EndProjectSection
EndProject
Project("{2150E333-8FDC-42A3-9474-1A3956D46DE8}") = "Web", "Web", "{1F74B7A4-5D65-4F06-9DAA-2E66D7FBEC92}"
	ProjectSection(SolutionItems) = preProject
		..\Public\Web\Contact.html = ..\Public\Web\Contact.html
		..\Public\Web\Demos.html = ..\Public\Web\Demos.html
		..\Public\Web\DocStyle.css = ..\Public\Web\DocStyle.css
		..\Public\Web\Download.html = ..\Public\Web\Download.html
		..\Public\Web\GacLib.png = ..\Public\Web\GacLib.png
		..\Public\Web\GettingStart.html = ..\Public\Web\GettingStart.html
		..\Public\Web\index.html = ..\Public\Web\index.html
		..\Public\Web\PageStyle.css = ..\Public\Web\PageStyle.css
	EndProjectSection
EndProject
Project("{2150E333-8FDC-42A3-9474-1A3956D46DE8}") = "Images", "Images", "{BBA4C5F5-AB18-421B-A342-74A886A6DF59}"
	ProjectSection(SolutionItems) = preProject
		..\Public\Web\Images\Demos.Controls.Button.CheckAndRadio.jpg = ..\Public\Web\Images\Demos.Controls.Button.CheckAndRadio.jpg
		..\Public\Web\Images\Demos.Controls.Button.EnableDisable.jpg = ..\Public\Web\Images\Demos.Controls.Button.EnableDisable.jpg
		..\Public\Web\Images\Demos.Controls.Label.Hyperlink.jpg = ..\Public\Web\Images\Demos.Controls.Label.Hyperlink.jpg
		..\Public\Web\Images\Demos.Controls.ListBox.NameEditor.jpg = ..\Public\Web\Images\Demos.Controls.ListBox.NameEditor.jpg
		..\Public\Web\Images\Demos.Controls.ListBox.NameSelector.jpg = ..\Public\Web\Images\Demos.Controls.ListBox.NameSelector.jpg
		..\Public\Web\Images\Demos.Controls.ListBox.VirtualMode.jpg = ..\Public\Web\Images\Demos.Controls.ListBox.VirtualMode.jpg
		..\Public\Web\Images\Demos.Controls.ListView.ViewSwitching.jpg = ..\Public\Web\Images\Demos.Controls.ListView.ViewSwitching.jpg
		..\Public\Web\Images\Demos.Controls.Tab.TextBoxPage.jpg = ..\Public\Web\Images\Demos.Controls.Tab.TextBoxPage.jpg
		..\Public\Web\Images\Demos.Controls.TextBox.Colorizer.jpg = ..\Public\Web\Images\Demos.Controls.TextBox.Colorizer.jpg
		..\Public\Web\Images\Demos.Controls.TextBox.Editor.jpg = ..\Public\Web\Images\Demos.Controls.TextBox.Editor.jpg
		..\Public\Web\Images\HelloWorld.jpg = ..\Public\Web\Images\HelloWorld.jpg
	EndProjectSection
EndProject
Project("{2150E333-8FDC-42A3-9474-1A3956D46DE8}") = "Demos", "Demos", "{CF7DE031-BDA8-4D3E-93FE-E71C51EFAC9B}"
EndProject
Project("{2150E333-8FDC-42A3-9474-1A3956D46DE8}") = "Controls.Label.Hyperlink", "Controls.Label.Hyperlink", "{B78E05EE-8C6F-444A-B8F0-E852D99A5CF1}"
	ProjectSection(SolutionItems) = preProject
		..\Public\Web\Demos\Controls.Label.Hyperlink\Demo.html = ..\Public\Web\Demos\Controls.Label.Hyperlink\Demo.html
		..\Public\Web\Demos\Controls.Label.Hyperlink\DXGUI_27.jpg = ..\Public\Web\Demos\Controls.Label.Hyperlink\DXGUI_27.jpg
	EndProjectSection
EndProject
Project("{2150E333-8FDC-42A3-9474-1A3956D46DE8}") = "Controls.Button.CheckAndRadio", "Controls.Button.CheckAndRadio", "{911980A3-0D5B-403F-A622-D7C8621F1532}"
	ProjectSection(SolutionItems) = preProject
		..\Public\Web\Demos\Controls.Button.CheckAndRadio\Demo.html = ..\Public\Web\Demos\Controls.Button.CheckAndRadio\Demo.html
		..\Public\Web\Demos\Controls.Button.CheckAndRadio\DXGUI_30.jpg = ..\Public\Web\Demos\Controls.Button.CheckAndRadio\DXGUI_30.jpg
		..\Public\Web\Demos\Controls.Button.CheckAndRadio\DXGUI_31.jpg = ..\Public\Web\Demos\Controls.Button.CheckAndRadio\DXGUI_31.jpg
	EndProjectSection
EndProject
Project("{2150E333-8FDC-42A3-9474-1A3956D46DE8}") = "Controls.Button.EnableDisable", "Controls.Button.EnableDisable", "{9D13D648-AD2B-4076-B7C3-FCF7FCE920A7}"
	ProjectSection(SolutionItems) = preProject
		..\Public\Web\Demos\Controls.Button.EnableDisable\Demo.html = ..\Public\Web\Demos\Controls.Button.EnableDisable\Demo.html
		..\Public\Web\Demos\Controls.Button.EnableDisable\DXGUI_28.jpg = ..\Public\Web\Demos\Controls.Button.EnableDisable\DXGUI_28.jpg
		..\Public\Web\Demos\Controls.Button.EnableDisable\DXGUI_29.jpg = ..\Public\Web\Demos\Controls.Button.EnableDisable\DXGUI_29.jpg
	EndProjectSection
EndProject
Project("{2150E333-8FDC-42A3-9474-1A3956D46DE8}") = "Controls.ListBox.NameEditor", "Controls.ListBox.NameEditor", "{2E3AC607-BEFA-40EB-8BA0-7974496B71DE}"
	ProjectSection(SolutionItems) = preProject
		..\Public\Web\Demos\Controls.ListBox.NameEditor\Demo.html = ..\Public\Web\Demos\Controls.ListBox.NameEditor\Demo.html
		..\Public\Web\Demos\Controls.ListBox.NameEditor\DXGUI_38.jpg = ..\Public\Web\Demos\Controls.ListBox.NameEditor\DXGUI_38.jpg
	EndProjectSection
EndProject
Project("{2150E333-8FDC-42A3-9474-1A3956D46DE8}") = "Controls.ListBox.NameSelector", "Controls.ListBox.NameSelector", "{7242E412-AB42-40FF-AB08-A4723B40357A}"
	ProjectSection(SolutionItems) = preProject
		..\Public\Web\Demos\Controls.ListBox.NameSelector\Demo.html = ..\Public\Web\Demos\Controls.ListBox.NameSelector\Demo.html
		..\Public\Web\Demos\Controls.ListBox.NameSelector\DXGUI_39.jpg = ..\Public\Web\Demos\Controls.ListBox.NameSelector\DXGUI_39.jpg
	EndProjectSection
EndProject
Project("{2150E333-8FDC-42A3-9474-1A3956D46DE8}") = "Controls.ListBox.VirtualMode", "Controls.ListBox.VirtualMode", "{B5EA9260-902B-4C65-9AB8-7EDCDA3E4294}"
	ProjectSection(SolutionItems) = preProject
		..\Public\Web\Demos\Controls.ListBox.VirtualMode\Demo.html = ..\Public\Web\Demos\Controls.ListBox.VirtualMode\Demo.html
		..\Public\Web\Demos\Controls.ListBox.VirtualMode\DXGUI_40.jpg = ..\Public\Web\Demos\Controls.ListBox.VirtualMode\DXGUI_40.jpg
	EndProjectSection
EndProject
Project("{2150E333-8FDC-42A3-9474-1A3956D46DE8}") = "Controls.Tab.TextBoxPage", "Controls.Tab.TextBoxPage", "{8D9163F0-50EB-4FDB-9BF4-79FE00D60B35}"
	ProjectSection(SolutionItems) = preProject
		..\Public\Web\Demos\Controls.Tab.TextBoxPage\Demo.html = ..\Public\Web\Demos\Controls.Tab.TextBoxPage\Demo.html
		..\Public\Web\Demos\Controls.Tab.TextBoxPage\DXGUI_32.jpg = ..\Public\Web\Demos\Controls.Tab.TextBoxPage\DXGUI_32.jpg
		..\Public\Web\Demos\Controls.Tab.TextBoxPage\DXGUI_33.jpg = ..\Public\Web\Demos\Controls.Tab.TextBoxPage\DXGUI_33.jpg
	EndProjectSection
EndProject
Project("{2150E333-8FDC-42A3-9474-1A3956D46DE8}") = "Controls.TextBox.Colorizer", "Controls.TextBox.Colorizer", "{BACD5ECF-B12E-43B2-BEBB-42373248D450}"
	ProjectSection(SolutionItems) = preProject
		..\Public\Web\Demos\Controls.TextBox.Colorizer\Demo.html = ..\Public\Web\Demos\Controls.TextBox.Colorizer\Demo.html
		..\Public\Web\Demos\Controls.TextBox.Colorizer\DXGUI_35.jpg = ..\Public\Web\Demos\Controls.TextBox.Colorizer\DXGUI_35.jpg
		..\Public\Web\Demos\Controls.TextBox.Colorizer\DXGUI_36.jpg = ..\Public\Web\Demos\Controls.TextBox.Colorizer\DXGUI_36.jpg
		..\Public\Web\Demos\Controls.TextBox.Colorizer\DXGUI_37.jpg = ..\Public\Web\Demos\Controls.TextBox.Colorizer\DXGUI_37.jpg
	EndProjectSection
EndProject
Project("{2150E333-8FDC-42A3-9474-1A3956D46DE8}") = "Controls.TextBox.Editor", "Controls.TextBox.Editor", "{BFC63FCF-CE0A-4E66-BF7B-2510CD220465}"
	ProjectSection(SolutionItems) = preProject
		..\Public\Web\Demos\Controls.TextBox.Editor\Demo.html = ..\Public\Web\Demos\Controls.TextBox.Editor\Demo.html
		..\Public\Web\Demos\Controls.TextBox.Editor\DXGUI_34.jpg = ..\Public\Web\Demos\Controls.TextBox.Editor\DXGUI_34.jpg
	EndProjectSection
EndProject
Project("{2150E333-8FDC-42A3-9474-1A3956D46DE8}") = "Controls.ListView.ViewSwitching", "Controls.ListView.ViewSwitching", "{E76DD49F-E23E-49D4-A1E9-A29AB0F9E2EE}"
	ProjectSection(SolutionItems) = preProject
		..\Public\Web\Demos\Controls.ListView.ViewSwitching\Demo.html = ..\Public\Web\Demos\Controls.ListView.ViewSwitching\Demo.html
		..\Public\Web\Demos\Controls.ListView.ViewSwitching\DXGUI_41.jpg = ..\Public\Web\Demos\Controls.ListView.ViewSwitching\DXGUI_41.jpg
		..\Public\Web\Demos\Controls.ListView.ViewSwitching\DXGUI_42.jpg = ..\Public\Web\Demos\Controls.ListView.ViewSwitching\DXGUI_42.jpg
		..\Public\Web\Demos\Controls.ListView.ViewSwitching\DXGUI_43.jpg = ..\Public\Web\Demos\Controls.ListView.ViewSwitching\DXGUI_43.jpg
		..\Public\Web\Demos\Controls.ListView.ViewSwitching\DXGUI_44.jpg = ..\Public\Web\Demos\Controls.ListView.ViewSwitching\DXGUI_44.jpg
		..\Public\Web\Demos\Controls.ListView.ViewSwitching\DXGUI_45.jpg = ..\Public\Web\Demos\Controls.ListView.ViewSwitching\DXGUI_45.jpg
		..\Public\Web\Demos\Controls.ListView.ViewSwitching\DXGUI_46.jpg = ..\Public\Web\Demos\Controls.ListView.ViewSwitching\DXGUI_46.jpg
	EndProjectSection
EndProject
Global
	GlobalSection(TeamFoundationVersionControl) = preSolution
		SccNumberOfProjects = 3
		SccEnterpriseProvider = {4CA58AB2-18FA-4F8D-95D4-32DDF27D184C}
		SccTeamFoundationServer = https://tfs.codeplex.com/tfs/tfs02
		SccLocalPath0 = .
		SccProjectUniqueName1 = GacUISrc\\GacUISrc.vcxproj
		SccProjectName1 = GacUISrc
		SccLocalPath1 = GacUISrc
		SccProjectUniqueName2 = GacUISrcCodepackedTest\\GacUISrcCodepackedTest.vcxproj
		SccProjectName2 = GacUISrcCodepackedTest
		SccLocalPath2 = GacUISrcCodepackedTest
	EndGlobalSection
	GlobalSection(SolutionConfigurationPlatforms) = preSolution
		Debug|Win32 = Debug|Win32
		Release|Win32 = Release|Win32
	EndGlobalSection
	GlobalSection(ProjectConfigurationPlatforms) = postSolution
		{85807517-320F-43CD-BD53-93CED2EAED9E}.Debug|Win32.ActiveCfg = Debug|Win32
		{85807517-320F-43CD-BD53-93CED2EAED9E}.Debug|Win32.Build.0 = Debug|Win32
		{85807517-320F-43CD-BD53-93CED2EAED9E}.Release|Win32.ActiveCfg = Release|Win32
		{85807517-320F-43CD-BD53-93CED2EAED9E}.Release|Win32.Build.0 = Release|Win32
		{EB5A22FF-03D9-45A9-BF76-8083D46A643B}.Debug|Win32.ActiveCfg = Debug|Win32
		{EB5A22FF-03D9-45A9-BF76-8083D46A643B}.Debug|Win32.Build.0 = Debug|Win32
		{EB5A22FF-03D9-45A9-BF76-8083D46A643B}.Release|Win32.ActiveCfg = Release|Win32
		{EB5A22FF-03D9-45A9-BF76-8083D46A643B}.Release|Win32.Build.0 = Release|Win32
	EndGlobalSection
	GlobalSection(SolutionProperties) = preSolution
		HideSolutionNode = FALSE
	EndGlobalSection
	GlobalSection(NestedProjects) = preSolution
		{695AA472-C40E-41C8-BDF9-9866F36C9AE3} = {843780E4-7D2F-4955-B988-88325DFB6B9E}
		{80361AFE-C424-451B-BBDD-637AD16274C0} = {843780E4-7D2F-4955-B988-88325DFB6B9E}
		{1F74B7A4-5D65-4F06-9DAA-2E66D7FBEC92} = {843780E4-7D2F-4955-B988-88325DFB6B9E}
		{BBA4C5F5-AB18-421B-A342-74A886A6DF59} = {1F74B7A4-5D65-4F06-9DAA-2E66D7FBEC92}
		{CF7DE031-BDA8-4D3E-93FE-E71C51EFAC9B} = {1F74B7A4-5D65-4F06-9DAA-2E66D7FBEC92}
		{B78E05EE-8C6F-444A-B8F0-E852D99A5CF1} = {CF7DE031-BDA8-4D3E-93FE-E71C51EFAC9B}
		{911980A3-0D5B-403F-A622-D7C8621F1532} = {CF7DE031-BDA8-4D3E-93FE-E71C51EFAC9B}
		{9D13D648-AD2B-4076-B7C3-FCF7FCE920A7} = {CF7DE031-BDA8-4D3E-93FE-E71C51EFAC9B}
		{2E3AC607-BEFA-40EB-8BA0-7974496B71DE} = {CF7DE031-BDA8-4D3E-93FE-E71C51EFAC9B}
		{7242E412-AB42-40FF-AB08-A4723B40357A} = {CF7DE031-BDA8-4D3E-93FE-E71C51EFAC9B}
		{B5EA9260-902B-4C65-9AB8-7EDCDA3E4294} = {CF7DE031-BDA8-4D3E-93FE-E71C51EFAC9B}
		{8D9163F0-50EB-4FDB-9BF4-79FE00D60B35} = {CF7DE031-BDA8-4D3E-93FE-E71C51EFAC9B}
		{BACD5ECF-B12E-43B2-BEBB-42373248D450} = {CF7DE031-BDA8-4D3E-93FE-E71C51EFAC9B}
		{BFC63FCF-CE0A-4E66-BF7B-2510CD220465} = {CF7DE031-BDA8-4D3E-93FE-E71C51EFAC9B}
		{E76DD49F-E23E-49D4-A1E9-A29AB0F9E2EE} = {CF7DE031-BDA8-4D3E-93FE-E71C51EFAC9B}
	EndGlobalSection
EndGlobal
