<?xml version="1.0" encoding="utf-8"?>
<Project ToolsVersion="4.0" xmlns="http://schemas.microsoft.com/developer/msbuild/2003">
  <ItemGroup>
    <Filter Include="Source Files">
      <UniqueIdentifier>{4FC737F1-C7A5-4376-A066-2A32D752A2FF}</UniqueIdentifier>
      <Extensions>cpp;c;cc;cxx;def;odl;idl;hpj;bat;asm;asmx</Extensions>
    </Filter>
    <Filter Include="Header Files">
      <UniqueIdentifier>{93995380-89BD-4b04-88EB-625FBE52EBFB}</UniqueIdentifier>
      <Extensions>h;hpp;hxx;hm;inl;inc;xsd</Extensions>
    </Filter>
    <Filter Include="Resource Files">
      <UniqueIdentifier>{67DA6AB6-F800-4c08-8B7A-83BB121AAD01}</UniqueIdentifier>
      <Extensions>rc;ico;cur;bmp;dlg;rc2;rct;bin;rgs;gif;jpg;jpeg;jpe;resx;tiff;tif;png;wav;mfcribbon-ms</Extensions>
    </Filter>
    <Filter Include="Common">
      <UniqueIdentifier>{d421c7b6-f787-438c-b722-3e0265d94f0f}</UniqueIdentifier>
    </Filter>
    <Filter Include="Common\Basic">
      <UniqueIdentifier>{a19abc4a-5130-425b-9057-77fb8b66b11d}</UniqueIdentifier>
    </Filter>
    <Filter Include="Common\Collections">
      <UniqueIdentifier>{676a7b1a-cfce-4b21-a6b4-95969c2458a0}</UniqueIdentifier>
    </Filter>
    <Filter Include="Common\Stream">
      <UniqueIdentifier>{cdce2be9-6c56-4a95-bba2-46430e45aca8}</UniqueIdentifier>
    </Filter>
    <Filter Include="Common\Combinator">
      <UniqueIdentifier>{deec04e8-6821-4007-ae75-33ed70a1e8e8}</UniqueIdentifier>
    </Filter>
    <Filter Include="Common\Regex">
      <UniqueIdentifier>{299d54c3-8e76-4a39-b406-988068cbd3e2}</UniqueIdentifier>
    </Filter>
    <Filter Include="Common\Parsing">
      <UniqueIdentifier>{7a4a232d-bc63-4f2e-897f-42eb8890ad77}</UniqueIdentifier>
    </Filter>
  </ItemGroup>
  <ItemGroup>
    <ClCompile Include="Main.cpp">
      <Filter>Source Files</Filter>
    </ClCompile>
    <ClCompile Include="..\..\..\Source\Basic.cpp">
      <Filter>Common\Basic</Filter>
    </ClCompile>
    <ClCompile Include="..\..\..\Source\Console.cpp">
      <Filter>Common\Basic</Filter>
    </ClCompile>
    <ClCompile Include="..\..\..\Source\Exception.cpp">
      <Filter>Common\Basic</Filter>
    </ClCompile>
    <ClCompile Include="..\..\..\Source\String.cpp">
      <Filter>Common\Basic</Filter>
    </ClCompile>
    <ClCompile Include="..\..\..\Source\Combinator\StringCombinator.cpp">
      <Filter>Common\Combinator</Filter>
    </ClCompile>
    <ClCompile Include="..\..\..\Source\Combinator\TokenCombinator.cpp">
      <Filter>Common\Combinator</Filter>
    </ClCompile>
    <ClCompile Include="..\..\..\Source\Stream\Accessor.cpp">
      <Filter>Common\Stream</Filter>
    </ClCompile>
    <ClCompile Include="..\..\..\Source\Stream\CharFormat.cpp">
      <Filter>Common\Stream</Filter>
    </ClCompile>
    <ClCompile Include="..\..\..\Source\Stream\FileStream.cpp">
      <Filter>Common\Stream</Filter>
    </ClCompile>
    <ClCompile Include="..\..\..\Source\Regex\Regex.cpp">
      <Filter>Common\Regex</Filter>
    </ClCompile>
    <ClCompile Include="..\..\..\Source\Regex\RegexAutomaton.cpp">
      <Filter>Common\Regex</Filter>
    </ClCompile>
    <ClCompile Include="..\..\..\Source\Regex\RegexData.cpp">
      <Filter>Common\Regex</Filter>
    </ClCompile>
    <ClCompile Include="..\..\..\Source\Regex\RegexExpression.cpp">
      <Filter>Common\Regex</Filter>
    </ClCompile>
    <ClCompile Include="..\..\..\Source\Regex\RegexParser.cpp">
      <Filter>Common\Regex</Filter>
    </ClCompile>
    <ClCompile Include="..\..\..\Source\Regex\RegexPure.cpp">
      <Filter>Common\Regex</Filter>
    </ClCompile>
    <ClCompile Include="..\..\..\Source\Regex\RegexRich.cpp">
      <Filter>Common\Regex</Filter>
    </ClCompile>
    <ClCompile Include="..\..\..\Source\Regex\RegexWriter.cpp">
      <Filter>Common\Regex</Filter>
    </ClCompile>
    <ClCompile Include="..\..\..\Source\Parsing\Parsing.cpp">
      <Filter>Common\Parsing</Filter>
    </ClCompile>
    <ClCompile Include="..\..\..\Source\Parsing\ParsingAnalyzer.cpp">
      <Filter>Common\Parsing</Filter>
    </ClCompile>
    <ClCompile Include="..\..\..\Source\Parsing\ParsingAutomaton.cpp">
      <Filter>Common\Parsing</Filter>
    </ClCompile>
    <ClCompile Include="..\..\..\Source\Parsing\ParsingAutomaton_Closure.cpp">
      <Filter>Common\Parsing</Filter>
    </ClCompile>
    <ClCompile Include="..\..\..\Source\Parsing\ParsingAutomaton_EPDA.cpp">
      <Filter>Common\Parsing</Filter>
    </ClCompile>
    <ClCompile Include="..\..\..\Source\Parsing\ParsingAutomaton_GenerateTable.cpp">
      <Filter>Common\Parsing</Filter>
    </ClCompile>
    <ClCompile Include="..\..\..\Source\Parsing\ParsingAutomaton_JPDA.cpp">
      <Filter>Common\Parsing</Filter>
    </ClCompile>
    <ClCompile Include="..\..\..\Source\Parsing\ParsingAutomaton_MergeStates.cpp">
      <Filter>Common\Parsing</Filter>
    </ClCompile>
    <ClCompile Include="..\..\..\Source\Parsing\ParsingAutomaton_NPDA.cpp">
      <Filter>Common\Parsing</Filter>
    </ClCompile>
    <ClCompile Include="..\..\..\Source\Parsing\ParsingDefinitions.cpp">
      <Filter>Common\Parsing</Filter>
    </ClCompile>
    <ClCompile Include="..\..\..\Source\Parsing\ParsingDefinitions_CreateParserDefinition.cpp">
      <Filter>Common\Parsing</Filter>
    </ClCompile>
    <ClCompile Include="..\..\..\Source\Parsing\ParsingLogging.cpp">
      <Filter>Common\Parsing</Filter>
    </ClCompile>
    <ClCompile Include="..\..\..\Source\Parsing\ParsingState.cpp">
      <Filter>Common\Parsing</Filter>
    </ClCompile>
    <ClCompile Include="..\..\..\Source\Parsing\ParsingTable.cpp">
      <Filter>Common\Parsing</Filter>
    </ClCompile>
    <ClCompile Include="..\..\..\Source\Parsing\ParsingTree.cpp">
      <Filter>Common\Parsing</Filter>
    </ClCompile>
    <ClCompile Include="..\..\..\Source\Stream\MemoryStream.cpp">
      <Filter>Common\Stream</Filter>
    </ClCompile>
    <ClCompile Include="FpmacroRuntime.cpp">
      <Filter>Source Files</Filter>
    </ClCompile>
    <ClCompile Include="Utility.cpp">
      <Filter>Source Files</Filter>
    </ClCompile>
    <ClCompile Include="FpmacroParser.cpp">
      <Filter>Source Files</Filter>
    </ClCompile>
  </ItemGroup>
  <ItemGroup>
    <ClInclude Include="..\..\..\Source\Basic.h">
      <Filter>Common\Basic</Filter>
    </ClInclude>
    <ClInclude Include="..\..\..\Source\Console.h">
      <Filter>Common\Basic</Filter>
    </ClInclude>
    <ClInclude Include="..\..\..\Source\Exception.h">
      <Filter>Common\Basic</Filter>
    </ClInclude>
    <ClInclude Include="..\..\..\Source\Function.h">
      <Filter>Common\Basic</Filter>
    </ClInclude>
    <ClInclude Include="..\..\..\Source\Pointer.h">
      <Filter>Common\Basic</Filter>
    </ClInclude>
    <ClInclude Include="..\..\..\Source\String.h">
      <Filter>Common\Basic</Filter>
    </ClInclude>
    <ClInclude Include="..\..\..\Source\Tuple.h">
      <Filter>Common\Basic</Filter>
    </ClInclude>
    <ClInclude Include="..\..\..\Source\Collections\Dictionary.h">
      <Filter>Common\Collections</Filter>
    </ClInclude>
    <ClInclude Include="..\..\..\Source\Collections\Interfaces.h">
      <Filter>Common\Collections</Filter>
    </ClInclude>
    <ClInclude Include="..\..\..\Source\Collections\List.h">
      <Filter>Common\Collections</Filter>
    </ClInclude>
    <ClInclude Include="..\..\..\Source\Collections\Operation.h">
      <Filter>Common\Collections</Filter>
    </ClInclude>
    <ClInclude Include="..\..\..\Source\Collections\OperationConcat.h">
      <Filter>Common\Collections</Filter>
    </ClInclude>
    <ClInclude Include="..\..\..\Source\Collections\OperationCopyFrom.h">
      <Filter>Common\Collections</Filter>
    </ClInclude>
    <ClInclude Include="..\..\..\Source\Collections\OperationEnumerable.h">
      <Filter>Common\Collections</Filter>
    </ClInclude>
    <ClInclude Include="..\..\..\Source\Collections\OperationForEach.h">
      <Filter>Common\Collections</Filter>
    </ClInclude>
    <ClInclude Include="..\..\..\Source\Collections\OperationPair.h">
      <Filter>Common\Collections</Filter>
    </ClInclude>
    <ClInclude Include="..\..\..\Source\Collections\OperationSelect.h">
      <Filter>Common\Collections</Filter>
    </ClInclude>
    <ClInclude Include="..\..\..\Source\Collections\OperationSequence.h">
      <Filter>Common\Collections</Filter>
    </ClInclude>
    <ClInclude Include="..\..\..\Source\Collections\OperationSet.h">
      <Filter>Common\Collections</Filter>
    </ClInclude>
    <ClInclude Include="..\..\..\Source\Collections\OperationString.h">
      <Filter>Common\Collections</Filter>
    </ClInclude>
    <ClInclude Include="..\..\..\Source\Collections\OperationWhere.h">
      <Filter>Common\Collections</Filter>
    </ClInclude>
    <ClInclude Include="..\..\..\Source\Collections\Pair.h">
      <Filter>Common\Collections</Filter>
    </ClInclude>
    <ClInclude Include="..\..\..\Source\Combinator\_Alt.h">
      <Filter>Common\Combinator</Filter>
    </ClInclude>
    <ClInclude Include="..\..\..\Source\Combinator\_Binop.h">
      <Filter>Common\Combinator</Filter>
    </ClInclude>
    <ClInclude Include="..\..\..\Source\Combinator\_Def.h">
      <Filter>Common\Combinator</Filter>
    </ClInclude>
    <ClInclude Include="..\..\..\Source\Combinator\_Error.h">
      <Filter>Common\Combinator</Filter>
    </ClInclude>
    <ClInclude Include="..\..\..\Source\Combinator\_Loop.h">
      <Filter>Common\Combinator</Filter>
    </ClInclude>
    <ClInclude Include="..\..\..\Source\Combinator\_Pred.h">
      <Filter>Common\Combinator</Filter>
    </ClInclude>
    <ClInclude Include="..\..\..\Source\Combinator\_Ref.h">
      <Filter>Common\Combinator</Filter>
    </ClInclude>
    <ClInclude Include="..\..\..\Source\Combinator\_Seq.h">
      <Filter>Common\Combinator</Filter>
    </ClInclude>
    <ClInclude Include="..\..\..\Source\Combinator\_Unit.h">
      <Filter>Common\Combinator</Filter>
    </ClInclude>
    <ClInclude Include="..\..\..\Source\Combinator\_Using.h">
      <Filter>Common\Combinator</Filter>
    </ClInclude>
    <ClInclude Include="..\..\..\Source\Combinator\Combinator.h">
      <Filter>Common\Combinator</Filter>
    </ClInclude>
    <ClInclude Include="..\..\..\Source\Combinator\Expression.h">
      <Filter>Common\Combinator</Filter>
    </ClInclude>
    <ClInclude Include="..\..\..\Source\Combinator\ParserInput.h">
      <Filter>Common\Combinator</Filter>
    </ClInclude>
    <ClInclude Include="..\..\..\Source\Combinator\StringCombinator.h">
      <Filter>Common\Combinator</Filter>
    </ClInclude>
    <ClInclude Include="..\..\..\Source\Combinator\TokenCombinator.h">
      <Filter>Common\Combinator</Filter>
    </ClInclude>
    <ClInclude Include="..\..\..\Source\Combinator\TupleProcessor.h">
      <Filter>Common\Combinator</Filter>
    </ClInclude>
    <ClInclude Include="..\..\..\Source\Stream\Accessor.h">
      <Filter>Common\Stream</Filter>
    </ClInclude>
    <ClInclude Include="..\..\..\Source\Stream\CharFormat.h">
      <Filter>Common\Stream</Filter>
    </ClInclude>
    <ClInclude Include="..\..\..\Source\Stream\FileStream.h">
      <Filter>Common\Stream</Filter>
    </ClInclude>
    <ClInclude Include="..\..\..\Source\Stream\Interfaces.h">
      <Filter>Common\Stream</Filter>
    </ClInclude>
    <ClInclude Include="..\..\..\Source\Regex\Regex.h">
      <Filter>Common\Regex</Filter>
    </ClInclude>
    <ClInclude Include="..\..\..\Source\Regex\RegexAutomaton.h">
      <Filter>Common\Regex</Filter>
    </ClInclude>
    <ClInclude Include="..\..\..\Source\Regex\RegexData.h">
      <Filter>Common\Regex</Filter>
    </ClInclude>
    <ClInclude Include="..\..\..\Source\Regex\RegexExpression.h">
      <Filter>Common\Regex</Filter>
    </ClInclude>
    <ClInclude Include="..\..\..\Source\Regex\RegexPure.h">
      <Filter>Common\Regex</Filter>
    </ClInclude>
    <ClInclude Include="..\..\..\Source\Regex\RegexRich.h">
      <Filter>Common\Regex</Filter>
    </ClInclude>
    <ClInclude Include="..\..\..\Source\Regex\RegexWriter.h">
      <Filter>Common\Regex</Filter>
    </ClInclude>
    <ClInclude Include="..\..\..\Source\Parsing\Parsing.h">
      <Filter>Common\Parsing</Filter>
    </ClInclude>
    <ClInclude Include="..\..\..\Source\Parsing\ParsingAnalyzer.h">
      <Filter>Common\Parsing</Filter>
    </ClInclude>
    <ClInclude Include="..\..\..\Source\Parsing\ParsingAutomaton.h">
      <Filter>Common\Parsing</Filter>
    </ClInclude>
    <ClInclude Include="..\..\..\Source\Parsing\ParsingDefinitions.h">
      <Filter>Common\Parsing</Filter>
    </ClInclude>
    <ClInclude Include="..\..\..\Source\Parsing\ParsingState.h">
      <Filter>Common\Parsing</Filter>
    </ClInclude>
    <ClInclude Include="..\..\..\Source\Parsing\ParsingTable.h">
      <Filter>Common\Parsing</Filter>
    </ClInclude>
    <ClInclude Include="..\..\..\Source\Parsing\ParsingTree.h">
      <Filter>Common\Parsing</Filter>
    </ClInclude>
    <ClInclude Include="..\..\..\Source\Stream\MemoryStream.h">
      <Filter>Common\Stream</Filter>
    </ClInclude>
    <ClInclude Include="FpmacroRuntime.h">
      <Filter>Header Files</Filter>
    </ClInclude>
    <ClInclude Include="FpmacroParser.h">
      <Filter>Header Files</Filter>
    </ClInclude>
  </ItemGroup>
  <ItemGroup>
    <None Include="Test.h.fpm" />
    <None Include="Codegen.bat">
      <Filter>Resource Files</Filter>
    </None>
  </ItemGroup>
  <ItemGroup>
    <Text Include="FpmacroParser.parser.txt">
      <Filter>Resource Files</Filter>
    </Text>
  </ItemGroup>
</Project>